
Microsoft Visual Studio Solution File, Format Version 12.00
# Visual Studio 15
VisualStudioVersion = 15.0.28307.168
MinimumVisualStudioVersion = 10.0.40219.1
Project("{FAE04EC0-301F-11D3-BF4B-00C04F79EFBC}") = "BestHTMLparser", "BestHTMLparser\BestHTMLparser.csproj", "{A52DDBA6-2AE8-4976-A71B-AFEE1F05F1D2}"
EndProject
Global
	GlobalSection(SolutionConfigurationPlatforms) = preSolution
		Debug|Any CPU = Debug|Any CPU
		Release|Any CPU = Release|Any CPU
	EndGlobalSection
	GlobalSection(ProjectConfigurationPlatforms) = postSolution
		{A52DDBA6-2AE8-4976-A71B-AFEE1F05F1D2}.Debug|Any CPU.ActiveCfg = Debug|Any CPU
		{A52DDBA6-2AE8-4976-A71B-AFEE1F05F1D2}.Debug|Any CPU.Build.0 = Debug|Any CPU
		{A52DDBA6-2AE8-4976-A71B-AFEE1F05F1D2}.Release|Any CPU.ActiveCfg = Release|Any CPU
		{A52DDBA6-2AE8-4976-A71B-AFEE1F05F1D2}.Release|Any CPU.Build.0 = Release|Any CPU
	EndGlobalSection
	GlobalSection(SolutionProperties) = preSolution
		HideSolutionNode = FALSE
	EndGlobalSection
	GlobalSection(ExtensibilityGlobals) = postSolution
		SolutionGuid = {DDE95A3B-A505-44D1-BBB7-63CC341D1E8A}
	EndGlobalSection
EndGlobal
